
Microsoft Visual Studio Solution File, Format Version 12.00
# Visual Studio Version 16
VisualStudioVersion = 16.0.29806.167
MinimumVisualStudioVersion = 10.0.40219.1
Project("{9A19103F-16F7-4668-BE54-9A1E7A4F7556}") = "FalconParkingAPI", "FalconParkingAPI\FalconParkingAPI.csproj", "{CC7A6FF0-2E58-4D93-B4FA-EA9CDACC63F6}"
EndProject
Project("{9A19103F-16F7-4668-BE54-9A1E7A4F7556}") = "Domain", "Domain\Domain.csproj", "{65F1C07F-81FF-45FA-A44E-07B36FFC52BB}"
EndProject
Project("{9A19103F-16F7-4668-BE54-9A1E7A4F7556}") = "Application", "Application\Application.csproj", "{0C94499E-7324-40DD-94D9-ABB0D62E1265}"
	ProjectSection(ProjectDependencies) = postProject
		{65F1C07F-81FF-45FA-A44E-07B36FFC52BB} = {65F1C07F-81FF-45FA-A44E-07B36FFC52BB}
	EndProjectSection
EndProject
Project("{9A19103F-16F7-4668-BE54-9A1E7A4F7556}") = "Infrastructure", "Infrastructure\Infrastructure.csproj", "{A75F26AA-80FA-4E3E-878F-C9E44A9A02AE}"
	ProjectSection(ProjectDependencies) = postProject
		{65F1C07F-81FF-45FA-A44E-07B36FFC52BB} = {65F1C07F-81FF-45FA-A44E-07B36FFC52BB}
		{0C94499E-7324-40DD-94D9-ABB0D62E1265} = {0C94499E-7324-40DD-94D9-ABB0D62E1265}
	EndProjectSection
EndProject
Global
	GlobalSection(SolutionConfigurationPlatforms) = preSolution
		Debug|Any CPU = Debug|Any CPU
		Debug|iPhone = Debug|iPhone
		Debug|iPhoneSimulator = Debug|iPhoneSimulator
		Release|Any CPU = Release|Any CPU
		Release|iPhone = Release|iPhone
		Release|iPhoneSimulator = Release|iPhoneSimulator
	EndGlobalSection
	GlobalSection(ProjectConfigurationPlatforms) = postSolution
		{CC7A6FF0-2E58-4D93-B4FA-EA9CDACC63F6}.Debug|Any CPU.ActiveCfg = Debug|Any CPU
		{CC7A6FF0-2E58-4D93-B4FA-EA9CDACC63F6}.Debug|Any CPU.Build.0 = Debug|Any CPU
		{CC7A6FF0-2E58-4D93-B4FA-EA9CDACC63F6}.Debug|iPhone.ActiveCfg = Debug|Any CPU
		{CC7A6FF0-2E58-4D93-B4FA-EA9CDACC63F6}.Debug|iPhone.Build.0 = Debug|Any CPU
		{CC7A6FF0-2E58-4D93-B4FA-EA9CDACC63F6}.Debug|iPhoneSimulator.ActiveCfg = Debug|Any CPU
		{CC7A6FF0-2E58-4D93-B4FA-EA9CDACC63F6}.Debug|iPhoneSimulator.Build.0 = Debug|Any CPU
		{CC7A6FF0-2E58-4D93-B4FA-EA9CDACC63F6}.Release|Any CPU.ActiveCfg = Release|Any CPU
		{CC7A6FF0-2E58-4D93-B4FA-EA9CDACC63F6}.Release|Any CPU.Build.0 = Release|Any CPU
		{CC7A6FF0-2E58-4D93-B4FA-EA9CDACC63F6}.Release|iPhone.ActiveCfg = Release|Any CPU
		{CC7A6FF0-2E58-4D93-B4FA-EA9CDACC63F6}.Release|iPhone.Build.0 = Release|Any CPU
		{CC7A6FF0-2E58-4D93-B4FA-EA9CDACC63F6}.Release|iPhoneSimulator.ActiveCfg = Release|Any CPU
		{CC7A6FF0-2E58-4D93-B4FA-EA9CDACC63F6}.Release|iPhoneSimulator.Build.0 = Release|Any CPU
		{65F1C07F-81FF-45FA-A44E-07B36FFC52BB}.Debug|Any CPU.ActiveCfg = Debug|Any CPU
		{65F1C07F-81FF-45FA-A44E-07B36FFC52BB}.Debug|Any CPU.Build.0 = Debug|Any CPU
		{65F1C07F-81FF-45FA-A44E-07B36FFC52BB}.Debug|iPhone.ActiveCfg = Debug|Any CPU
		{65F1C07F-81FF-45FA-A44E-07B36FFC52BB}.Debug|iPhone.Build.0 = Debug|Any CPU
		{65F1C07F-81FF-45FA-A44E-07B36FFC52BB}.Debug|iPhoneSimulator.ActiveCfg = Debug|Any CPU
		{65F1C07F-81FF-45FA-A44E-07B36FFC52BB}.Debug|iPhoneSimulator.Build.0 = Debug|Any CPU
		{65F1C07F-81FF-45FA-A44E-07B36FFC52BB}.Release|Any CPU.ActiveCfg = Release|Any CPU
		{65F1C07F-81FF-45FA-A44E-07B36FFC52BB}.Release|Any CPU.Build.0 = Release|Any CPU
		{65F1C07F-81FF-45FA-A44E-07B36FFC52BB}.Release|iPhone.ActiveCfg = Release|Any CPU
		{65F1C07F-81FF-45FA-A44E-07B36FFC52BB}.Release|iPhone.Build.0 = Release|Any CPU
		{65F1C07F-81FF-45FA-A44E-07B36FFC52BB}.Release|iPhoneSimulator.ActiveCfg = Release|Any CPU
		{65F1C07F-81FF-45FA-A44E-07B36FFC52BB}.Release|iPhoneSimulator.Build.0 = Release|Any CPU
		{0C94499E-7324-40DD-94D9-ABB0D62E1265}.Debug|Any CPU.ActiveCfg = Debug|Any CPU
		{0C94499E-7324-40DD-94D9-ABB0D62E1265}.Debug|Any CPU.Build.0 = Debug|Any CPU
		{0C94499E-7324-40DD-94D9-ABB0D62E1265}.Debug|iPhone.ActiveCfg = Debug|Any CPU
		{0C94499E-7324-40DD-94D9-ABB0D62E1265}.Debug|iPhone.Build.0 = Debug|Any CPU
		{0C94499E-7324-40DD-94D9-ABB0D62E1265}.Debug|iPhoneSimulator.ActiveCfg = Debug|Any CPU
		{0C94499E-7324-40DD-94D9-ABB0D62E1265}.Debug|iPhoneSimulator.Build.0 = Debug|Any CPU
		{0C94499E-7324-40DD-94D9-ABB0D62E1265}.Release|Any CPU.ActiveCfg = Release|Any CPU
		{0C94499E-7324-40DD-94D9-ABB0D62E1265}.Release|Any CPU.Build.0 = Release|Any CPU
		{0C94499E-7324-40DD-94D9-ABB0D62E1265}.Release|iPhone.ActiveCfg = Release|Any CPU
		{0C94499E-7324-40DD-94D9-ABB0D62E1265}.Release|iPhone.Build.0 = Release|Any CPU
		{0C94499E-7324-40DD-94D9-ABB0D62E1265}.Release|iPhoneSimulator.ActiveCfg = Release|Any CPU
		{0C94499E-7324-40DD-94D9-ABB0D62E1265}.Release|iPhoneSimulator.Build.0 = Release|Any CPU
		{A75F26AA-80FA-4E3E-878F-C9E44A9A02AE}.Debug|Any CPU.ActiveCfg = Debug|Any CPU
		{A75F26AA-80FA-4E3E-878F-C9E44A9A02AE}.Debug|Any CPU.Build.0 = Debug|Any CPU
		{A75F26AA-80FA-4E3E-878F-C9E44A9A02AE}.Debug|iPhone.ActiveCfg = Debug|Any CPU
		{A75F26AA-80FA-4E3E-878F-C9E44A9A02AE}.Debug|iPhone.Build.0 = Debug|Any CPU
		{A75F26AA-80FA-4E3E-878F-C9E44A9A02AE}.Debug|iPhoneSimulator.ActiveCfg = Debug|Any CPU
		{A75F26AA-80FA-4E3E-878F-C9E44A9A02AE}.Debug|iPhoneSimulator.Build.0 = Debug|Any CPU
		{A75F26AA-80FA-4E3E-878F-C9E44A9A02AE}.Release|Any CPU.ActiveCfg = Release|Any CPU
		{A75F26AA-80FA-4E3E-878F-C9E44A9A02AE}.Release|Any CPU.Build.0 = Release|Any CPU
		{A75F26AA-80FA-4E3E-878F-C9E44A9A02AE}.Release|iPhone.ActiveCfg = Release|Any CPU
		{A75F26AA-80FA-4E3E-878F-C9E44A9A02AE}.Release|iPhone.Build.0 = Release|Any CPU
		{A75F26AA-80FA-4E3E-878F-C9E44A9A02AE}.Release|iPhoneSimulator.ActiveCfg = Release|Any CPU
		{A75F26AA-80FA-4E3E-878F-C9E44A9A02AE}.Release|iPhoneSimulator.Build.0 = Release|Any CPU
	EndGlobalSection
	GlobalSection(SolutionProperties) = preSolution
		HideSolutionNode = FALSE
	EndGlobalSection
	GlobalSection(ExtensibilityGlobals) = postSolution
		SolutionGuid = {F06F8698-1594-4678-86DF-13110EDA33C6}
	EndGlobalSection
EndGlobal
